
Microsoft Visual Studio Solution File, Format Version 12.00
# Visual Studio 15
VisualStudioVersion = 15.0.28010.2026
MinimumVisualStudioVersion = 10.0.40219.1
Project("{8BC9CEB8-8B4A-11D0-8D11-00A0C91BC942}") = "difference_array", "difference_array\difference_array.vcxproj", "{A3854410-19F4-4DE2-A9C8-D88E7F47F10F}"
EndProject
Global
	GlobalSection(SolutionConfigurationPlatforms) = preSolution
		Debug|x64 = Debug|x64
		Debug|x86 = Debug|x86
		Release|x64 = Release|x64
		Release|x86 = Release|x86
	EndGlobalSection
	GlobalSection(ProjectConfigurationPlatforms) = postSolution
		{A3854410-19F4-4DE2-A9C8-D88E7F47F10F}.Debug|x64.ActiveCfg = Debug|x64
		{A3854410-19F4-4DE2-A9C8-D88E7F47F10F}.Debug|x64.Build.0 = Debug|x64
		{A3854410-19F4-4DE2-A9C8-D88E7F47F10F}.Debug|x86.ActiveCfg = Debug|Win32
		{A3854410-19F4-4DE2-A9C8-D88E7F47F10F}.Debug|x86.Build.0 = Debug|Win32
		{A3854410-19F4-4DE2-A9C8-D88E7F47F10F}.Release|x64.ActiveCfg = Release|x64
		{A3854410-19F4-4DE2-A9C8-D88E7F47F10F}.Release|x64.Build.0 = Release|x64
		{A3854410-19F4-4DE2-A9C8-D88E7F47F10F}.Release|x86.ActiveCfg = Release|Win32
		{A3854410-19F4-4DE2-A9C8-D88E7F47F10F}.Release|x86.Build.0 = Release|Win32
	EndGlobalSection
	GlobalSection(SolutionProperties) = preSolution
		HideSolutionNode = FALSE
	EndGlobalSection
	GlobalSection(ExtensibilityGlobals) = postSolution
		SolutionGuid = {F725FB6C-B1F6-4BB3-9A33-4DD68723043F}
	EndGlobalSection
EndGlobal
